
Microsoft Visual Studio Solution File, Format Version 12.00
# Visual Studio Version 17
VisualStudioVersion = 17.7.34024.191
MinimumVisualStudioVersion = 10.0.40219.1
Project("{FAE04EC0-301F-11D3-BF4B-00C04F79EFBC}") = "pratica para a prova", "pratica para a prova\pratica para a prova.csproj", "{1ED6EAC8-A912-4C2F-AF24-BC26D2D13086}"
EndProject
Global
	GlobalSection(SolutionConfigurationPlatforms) = preSolution
		Debug|Any CPU = Debug|Any CPU
		Release|Any CPU = Release|Any CPU
	EndGlobalSection
	GlobalSection(ProjectConfigurationPlatforms) = postSolution
		{1ED6EAC8-A912-4C2F-AF24-BC26D2D13086}.Debug|Any CPU.ActiveCfg = Debug|Any CPU
		{1ED6EAC8-A912-4C2F-AF24-BC26D2D13086}.Debug|Any CPU.Build.0 = Debug|Any CPU
		{1ED6EAC8-A912-4C2F-AF24-BC26D2D13086}.Release|Any CPU.ActiveCfg = Release|Any CPU
		{1ED6EAC8-A912-4C2F-AF24-BC26D2D13086}.Release|Any CPU.Build.0 = Release|Any CPU
	EndGlobalSection
	GlobalSection(SolutionProperties) = preSolution
		HideSolutionNode = FALSE
	EndGlobalSection
	GlobalSection(ExtensibilityGlobals) = postSolution
		SolutionGuid = {A931E9BA-A6DF-4F9F-B1A9-E4F488E80A6A}
	EndGlobalSection
EndGlobal
